
Microsoft Visual Studio Solution File, Format Version 12.00
# Visual Studio 15
VisualStudioVersion = 15.0.28307.271
MinimumVisualStudioVersion = 10.0.40219.1
Project("{FAE04EC0-301F-11D3-BF4B-00C04F79EFBC}") = "ClientGUI", "ClientGUI\ClientGUI.csproj", "{9834CC9B-3E32-4694-A7AC-51A215A99A0B}"
EndProject
Global
	GlobalSection(SolutionConfigurationPlatforms) = preSolution
		Debug|Any CPU = Debug|Any CPU
		Release|Any CPU = Release|Any CPU
	EndGlobalSection
	GlobalSection(ProjectConfigurationPlatforms) = postSolution
		{9834CC9B-3E32-4694-A7AC-51A215A99A0B}.Debug|Any CPU.ActiveCfg = Debug|Any CPU
		{9834CC9B-3E32-4694-A7AC-51A215A99A0B}.Debug|Any CPU.Build.0 = Debug|Any CPU
		{9834CC9B-3E32-4694-A7AC-51A215A99A0B}.Release|Any CPU.ActiveCfg = Release|Any CPU
		{9834CC9B-3E32-4694-A7AC-51A215A99A0B}.Release|Any CPU.Build.0 = Release|Any CPU
	EndGlobalSection
	GlobalSection(SolutionProperties) = preSolution
		HideSolutionNode = FALSE
	EndGlobalSection
	GlobalSection(ExtensibilityGlobals) = postSolution
		SolutionGuid = {077716B5-67F8-43A7-B32D-6016F3254984}
	EndGlobalSection
EndGlobal
